
Microsoft Visual Studio Solution File, Format Version 12.00
# Visual Studio Version 16
VisualStudioVersion = 16.0.31321.278
MinimumVisualStudioVersion = 10.0.40219.1
Project("{9A19103F-16F7-4668-BE54-9A1E7A4F7556}") = "PartialFileReader", "PartialFileReader\PartialFileReader.csproj", "{F5BCD539-D800-4E23-8527-87885BEA7758}"
EndProject
Project("{9A19103F-16F7-4668-BE54-9A1E7A4F7556}") = "PartialFileReaderTest", "PartialFileReaderTest\PartialFileReaderTest.csproj", "{9AC7820F-81CA-4FA1-9603-968BD7EFE315}"
EndProject
Global
	GlobalSection(SolutionConfigurationPlatforms) = preSolution
		Debug|Any CPU = Debug|Any CPU
		Release|Any CPU = Release|Any CPU
	EndGlobalSection
	GlobalSection(ProjectConfigurationPlatforms) = postSolution
		{F5BCD539-D800-4E23-8527-87885BEA7758}.Debug|Any CPU.ActiveCfg = Debug|Any CPU
		{F5BCD539-D800-4E23-8527-87885BEA7758}.Debug|Any CPU.Build.0 = Debug|Any CPU
		{F5BCD539-D800-4E23-8527-87885BEA7758}.Release|Any CPU.ActiveCfg = Release|Any CPU
		{F5BCD539-D800-4E23-8527-87885BEA7758}.Release|Any CPU.Build.0 = Release|Any CPU
		{9AC7820F-81CA-4FA1-9603-968BD7EFE315}.Debug|Any CPU.ActiveCfg = Debug|Any CPU
		{9AC7820F-81CA-4FA1-9603-968BD7EFE315}.Debug|Any CPU.Build.0 = Debug|Any CPU
		{9AC7820F-81CA-4FA1-9603-968BD7EFE315}.Release|Any CPU.ActiveCfg = Release|Any CPU
		{9AC7820F-81CA-4FA1-9603-968BD7EFE315}.Release|Any CPU.Build.0 = Release|Any CPU
	EndGlobalSection
	GlobalSection(SolutionProperties) = preSolution
		HideSolutionNode = FALSE
	EndGlobalSection
	GlobalSection(ExtensibilityGlobals) = postSolution
		SolutionGuid = {B1B88A5D-A50F-4EE3-B15A-DADC77CB73A9}
	EndGlobalSection
EndGlobal
