
Microsoft Visual Studio Solution File, Format Version 12.00
# Visual Studio Version 16
VisualStudioVersion = 16.0.31321.278
MinimumVisualStudioVersion = 10.0.40219.1
Project("{9A19103F-16F7-4668-BE54-9A1E7A4F7556}") = "PartialFileReader", "..\New folder\PartialFileReader\PartialFileReader.csproj", "{A665CC5F-E44D-4C7D-8DC3-579A4DA53144}"
EndProject
Project("{9A19103F-16F7-4668-BE54-9A1E7A4F7556}") = "PartialFileReaderTest", "..\New folder\PartialFileReaderTest\PartialFileReaderTest.csproj", "{6FDE8082-5EE8-4FFC-B1E9-F97380FA8FB9}"
EndProject
Global
	GlobalSection(SolutionConfigurationPlatforms) = preSolution
		Debug|Any CPU = Debug|Any CPU
		Release|Any CPU = Release|Any CPU
	EndGlobalSection
	GlobalSection(ProjectConfigurationPlatforms) = postSolution
		{A665CC5F-E44D-4C7D-8DC3-579A4DA53144}.Debug|Any CPU.ActiveCfg = Debug|Any CPU
		{A665CC5F-E44D-4C7D-8DC3-579A4DA53144}.Debug|Any CPU.Build.0 = Debug|Any CPU
		{A665CC5F-E44D-4C7D-8DC3-579A4DA53144}.Release|Any CPU.ActiveCfg = Release|Any CPU
		{A665CC5F-E44D-4C7D-8DC3-579A4DA53144}.Release|Any CPU.Build.0 = Release|Any CPU
		{6FDE8082-5EE8-4FFC-B1E9-F97380FA8FB9}.Debug|Any CPU.ActiveCfg = Debug|Any CPU
		{6FDE8082-5EE8-4FFC-B1E9-F97380FA8FB9}.Debug|Any CPU.Build.0 = Debug|Any CPU
		{6FDE8082-5EE8-4FFC-B1E9-F97380FA8FB9}.Release|Any CPU.ActiveCfg = Release|Any CPU
		{6FDE8082-5EE8-4FFC-B1E9-F97380FA8FB9}.Release|Any CPU.Build.0 = Release|Any CPU
	EndGlobalSection
	GlobalSection(SolutionProperties) = preSolution
		HideSolutionNode = FALSE
	EndGlobalSection
	GlobalSection(ExtensibilityGlobals) = postSolution
		SolutionGuid = {B1B88A5D-A50F-4EE3-B15A-DADC77CB73A9}
	EndGlobalSection
EndGlobal
