
Microsoft Visual Studio Solution File, Format Version 12.00
# Visual Studio Version 16
VisualStudioVersion = 16.0.31321.278
MinimumVisualStudioVersion = 10.0.40219.1
Project("{9A19103F-16F7-4668-BE54-9A1E7A4F7556}") = "PartialFileReader", "PartialFileReader.csproj", "{F39AAA69-ECBD-49F5-9132-05B6DA5B0A1A}"
EndProject
Project("{9A19103F-16F7-4668-BE54-9A1E7A4F7556}") = "PartialFileReaderTest", "..\PartialFileReaderTest\PartialFileReaderTest.csproj", "{1FE347A8-2CD8-4157-A662-D61DDC08C5E3}"
EndProject
Global
	GlobalSection(SolutionConfigurationPlatforms) = preSolution
		Debug|Any CPU = Debug|Any CPU
		Release|Any CPU = Release|Any CPU
	EndGlobalSection
	GlobalSection(ProjectConfigurationPlatforms) = postSolution
		{F39AAA69-ECBD-49F5-9132-05B6DA5B0A1A}.Debug|Any CPU.ActiveCfg = Debug|Any CPU
		{F39AAA69-ECBD-49F5-9132-05B6DA5B0A1A}.Debug|Any CPU.Build.0 = Debug|Any CPU
		{F39AAA69-ECBD-49F5-9132-05B6DA5B0A1A}.Release|Any CPU.ActiveCfg = Release|Any CPU
		{F39AAA69-ECBD-49F5-9132-05B6DA5B0A1A}.Release|Any CPU.Build.0 = Release|Any CPU
		{1FE347A8-2CD8-4157-A662-D61DDC08C5E3}.Debug|Any CPU.ActiveCfg = Debug|Any CPU
		{1FE347A8-2CD8-4157-A662-D61DDC08C5E3}.Debug|Any CPU.Build.0 = Debug|Any CPU
		{1FE347A8-2CD8-4157-A662-D61DDC08C5E3}.Release|Any CPU.ActiveCfg = Release|Any CPU
		{1FE347A8-2CD8-4157-A662-D61DDC08C5E3}.Release|Any CPU.Build.0 = Release|Any CPU
	EndGlobalSection
	GlobalSection(SolutionProperties) = preSolution
		HideSolutionNode = FALSE
	EndGlobalSection
	GlobalSection(ExtensibilityGlobals) = postSolution
		SolutionGuid = {B1B88A5D-A50F-4EE3-B15A-DADC77CB73A9}
	EndGlobalSection
EndGlobal
